{
  "name": "kenote-validate-helper",
  "version": "1.0.1",
  "lockfileVersion": 1,
  "requires": true,
  "dependencies": {
    "@types/lodash": {
      "version": "4.14.119",
      "resolved": "http://registry.npm.taobao.org/@types/lodash/download/@types/lodash-4.14.119.tgz",
      "integrity": "sha1-voR+X0vD415G0EHDlOrYtgOtizk=",
      "dev": true
    },
    "@types/node": {
      "version": "10.12.18",
      "resolved": "http://registry.npm.taobao.org/@types/node/download/@types/node-10.12.18.tgz",
      "integrity": "sha1-HTynZHGJFVhPzZ9jRGIbdnJmXGc=",
      "dev": true
    },
    "lodash": {
      "version": "4.17.11",
      "resolved": "http://registry.npm.taobao.org/lodash/download/lodash-4.17.11.tgz",
      "integrity": "sha1-s56mIp72B+zYniyN8SU2iRysm40="
    },
    "typescript": {
      "version": "3.2.2",
      "resolved": "http://registry.npm.taobao.org/typescript/download/typescript-3.2.2.tgz",
      "integrity": "sha1-/oEBxGqhI/g1NSPr3PVzDCrkk+U=",
      "dev": true
    }
  }
}
